
Microsoft Visual Studio Solution File, Format Version 12.00
# Visual Studio Version 18
VisualStudioVersion = 18.4.11626.88 stable
MinimumVisualStudioVersion = 10.0.40219.1
Project("{FAE04EC0-301F-11D3-BF4B-00C04F79EFBC}") = "HeroDrafter", "HeroDrafter.csproj", "{36E09802-CE52-9687-2463-58DC0852D7B1}"
EndProject
Global
	GlobalSection(SolutionConfigurationPlatforms) = preSolution
		Debug|Any CPU = Debug|Any CPU
		Release|Any CPU = Release|Any CPU
	EndGlobalSection
	GlobalSection(ProjectConfigurationPlatforms) = postSolution
		{36E09802-CE52-9687-2463-58DC0852D7B1}.Debug|Any CPU.ActiveCfg = Debug|Any CPU
		{36E09802-CE52-9687-2463-58DC0852D7B1}.Debug|Any CPU.Build.0 = Debug|Any CPU
		{36E09802-CE52-9687-2463-58DC0852D7B1}.Release|Any CPU.ActiveCfg = Release|Any CPU
		{36E09802-CE52-9687-2463-58DC0852D7B1}.Release|Any CPU.Build.0 = Release|Any CPU
	EndGlobalSection
	GlobalSection(SolutionProperties) = preSolution
		HideSolutionNode = FALSE
	EndGlobalSection
	GlobalSection(ExtensibilityGlobals) = postSolution
		SolutionGuid = {8D2BFB9E-564E-49BC-B1DF-8964B89EE531}
	EndGlobalSection
EndGlobal
